// !$*UTF8*$!
{
	archiveVersion = 1;
	classes = {
	};
	objectVersion = 50;
	objects = {

/* Begin PBXBuildFile section */
		AB29EBAA2223EDB70056D24B /* AppDelegate.swift in Sources */ = {isa = PBXBuildFile; fileRef = AB29EBA92223EDB70056D24B /* AppDelegate.swift */; };
		AB29EBAC2223EDB70056D24B /* ViewController.swift in Sources */ = {isa = PBXBuildFile; fileRef = AB29EBAB2223EDB70056D24B /* ViewController.swift */; };
		AB29EBAF2223EDB70056D24B /* Main.storyboard in Resources */ = {isa = PBXBuildFile; fileRef = AB29EBAD2223EDB70056D24B /* Main.storyboard */; };
		AB29EBB12223EDB70056D24B /* Assets.xcassets in Resources */ = {isa = PBXBuildFile; fileRef = AB29EBB02223EDB70056D24B /* Assets.xcassets */; };
		AB29EBB42223EDB70056D24B /* LaunchScreen.storyboard in Resources */ = {isa = PBXBuildFile; fileRef = AB29EBB22223EDB70056D24B /* LaunchScreen.storyboard */; };
		AB29EBBF2223EDB70056D24B /* VideoSplashTests.swift in Sources */ = {isa = PBXBuildFile; fileRef = AB29EBBE2223EDB70056D24B /* VideoSplashTests.swift */; };
		AB29EBCA2223EDB70056D24B /* VideoSplashUITests.swift in Sources */ = {isa = PBXBuildFile; fileRef = AB29EBC92223EDB70056D24B /* VideoSplashUITests.swift */; };
		AB29EBD82223EDD40056D24B /* logo.png in Resources */ = {isa = PBXBuildFile; fileRef = AB29EBD72223EDD30056D24B /* logo.png */; };
		AB29EBDA2223EDE10056D24B /* moments.mp4 in Resources */ = {isa = PBXBuildFile; fileRef = AB29EBD92223EDE10056D24B /* moments.mp4 */; };
		AB29EBDC2223EE8F0056D24B /* WechatIMG30.jpg in Resources */ = {isa = PBXBuildFile; fileRef = AB29EBDB2223EE8F0056D24B /* WechatIMG30.jpg */; };
		AB29EBDE2223F4400056D24B /* VideoSplashViewController.swift in Sources */ = {isa = PBXBuildFile; fileRef = AB29EBDD2223F4400056D24B /* VideoSplashViewController.swift */; };
		AB29EBE02223F46B0056D24B /* VideoCutter.swift in Sources */ = {isa = PBXBuildFile; fileRef = AB29EBDF2223F46B0056D24B /* VideoCutter.swift */; };
/* End PBXBuildFile section */

/* Begin PBXContainerItemProxy section */
		AB29EBBB2223EDB70056D24B /* PBXContainerItemProxy */ = {
			isa = PBXContainerItemProxy;
			containerPortal = AB29EB9E2223EDB70056D24B /* Project object */;
			proxyType = 1;
			remoteGlobalIDString = AB29EBA52223EDB70056D24B;
			remoteInfo = VideoSplash;
		};
		AB29EBC62223EDB70056D24B /* PBXContainerItemProxy */ = {
			isa = PBXContainerItemProxy;
			containerPortal = AB29EB9E2223EDB70056D24B /* Project object */;
			proxyType = 1;
			remoteGlobalIDString = AB29EBA52223EDB70056D24B;
			remoteInfo = VideoSplash;
		};
/* End PBXContainerItemProxy section */

/* Begin PBXFileReference section */
		AB29EBA62223EDB70056D24B /* VideoSplash.app */ = {isa = PBXFileReference; explicitFileType = wrapper.application; includeInIndex = 0; path = VideoSplash.app; sourceTree = BUILT_PRODUCTS_DIR; };
		AB29EBA92223EDB70056D24B /* AppDelegate.swift */ = {isa = PBXFileReference; lastKnownFileType = sourcecode.swift; path = AppDelegate.swift; sourceTree = "<group>"; };
		AB29EBAB2223EDB70056D24B /* ViewController.swift */ = {isa = PBXFileReference; lastKnownFileType = sourcecode.swift; path = ViewController.swift; sourceTree = "<group>"; };
		AB29EBAE2223EDB70056D24B /* Base */ = {isa = PBXFileReference; lastKnownFileType = file.storyboard; name = Base; path = Base.lproj/Main.storyboard; sourceTree = "<group>"; };
		AB29EBB02223EDB70056D24B /* Assets.xcassets */ = {isa = PBXFileReference; lastKnownFileType = folder.assetcatalog; path = Assets.xcassets; sourceTree = "<group>"; };
		AB29EBB32223EDB70056D24B /* Base */ = {isa = PBXFileReference; lastKnownFileType = file.storyboard; name = Base; path = Base.lproj/LaunchScreen.storyboard; sourceTree = "<group>"; };
		AB29EBB52223EDB70056D24B /* Info.plist */ = {isa = PBXFileReference; lastKnownFileType = text.plist.xml; path = Info.plist; sourceTree = "<group>"; };
		AB29EBBA2223EDB70056D24B /* VideoSplashTests.xctest */ = {isa = PBXFileReference; explicitFileType = wrapper.cfbundle; includeInIndex = 0; path = VideoSplashTests.xctest; sourceTree = BUILT_PRODUCTS_DIR; };
		AB29EBBE2223EDB70056D24B /* VideoSplashTests.swift */ = {isa = PBXFileReference; lastKnownFileType = sourcecode.swift; path = VideoSplashTests.swift; sourceTree = "<group>"; };
		AB29EBC02223EDB70056D24B /* Info.plist */ = {isa = PBXFileReference; lastKnownFileType = text.plist.xml; path = Info.plist; sourceTree = "<group>"; };
		AB29EBC52223EDB70056D24B /* VideoSplashUITests.xctest */ = {isa = PBXFileReference; explicitFileType = wrapper.cfbundle; includeInIndex = 0; path = VideoSplashUITests.xctest; sourceTree = BUILT_PRODUCTS_DIR; };
		AB29EBC92223EDB70056D24B /* VideoSplashUITests.swift */ = {isa = PBXFileReference; lastKnownFileType = sourcecode.swift; path = VideoSplashUITests.swift; sourceTree = "<group>"; };
		AB29EBCB2223EDB70056D24B /* Info.plist */ = {isa = PBXFileReference; lastKnownFileType = text.plist.xml; path = Info.plist; sourceTree = "<group>"; };
		AB29EBD72223EDD30056D24B /* logo.png */ = {isa = PBXFileReference; lastKnownFileType = image.png; path = logo.png; sourceTree = "<group>"; };
		AB29EBD92223EDE10056D24B /* moments.mp4 */ = {isa = PBXFileReference; lastKnownFileType = file; path = moments.mp4; sourceTree = "<group>"; };
		AB29EBDB2223EE8F0056D24B /* WechatIMG30.jpg */ = {isa = PBXFileReference; lastKnownFileType = image.jpeg; path = WechatIMG30.jpg; sourceTree = "<group>"; };
		AB29EBDD2223F4400056D24B /* VideoSplashViewController.swift */ = {isa = PBXFileReference; lastKnownFileType = sourcecode.swift; path = VideoSplashViewController.swift; sourceTree = "<group>"; };
		AB29EBDF2223F46B0056D24B /* VideoCutter.swift */ = {isa = PBXFileReference; lastKnownFileType = sourcecode.swift; path = VideoCutter.swift; sourceTree = "<group>"; };
/* End PBXFileReference section */

/* Begin PBXFrameworksBuildPhase section */
		AB29EBA32223EDB70056D24B /* Frameworks */ = {
			isa = PBXFrameworksBuildPhase;
			buildActionMask = 2147483647;
			files = (
			);
			runOnlyForDeploymentPostprocessing = 0;
		};
		AB29EBB72223EDB70056D24B /* Frameworks */ = {
			isa = PBXFrameworksBuildPhase;
			buildActionMask = 2147483647;
			files = (
			);
			runOnlyForDeploymentPostprocessing = 0;
		};
		AB29EBC22223EDB70056D24B /* Frameworks */ = {
			isa = PBXFrameworksBuildPhase;
			buildActionMask = 2147483647;
			files = (
			);
			runOnlyForDeploymentPostprocessing = 0;
		};
/* End PBXFrameworksBuildPhase section */

/* Begin PBXGroup section */
		AB29EB9D2223EDB70056D24B = {
			isa = PBXGroup;
			children = (
				AB29EBA82223EDB70056D24B /* VideoSplash */,
				AB29EBBD2223EDB70056D24B /* VideoSplashTests */,
				AB29EBC82223EDB70056D24B /* VideoSplashUITests */,
				AB29EBA72223EDB70056D24B /* Products */,
			);
			sourceTree = "<group>";
		};
		AB29EBA72223EDB70056D24B /* Products */ = {
			isa = PBXGroup;
			children = (
				AB29EBA62223EDB70056D24B /* VideoSplash.app */,
				AB29EBBA2223EDB70056D24B /* VideoSplashTests.xctest */,
				AB29EBC52223EDB70056D24B /* VideoSplashUITests.xctest */,
			);
			name = Products;
			sourceTree = "<group>";
		};
		AB29EBA82223EDB70056D24B /* VideoSplash */ = {
			isa = PBXGroup;
			children = (
				AB29EBDB2223EE8F0056D24B /* WechatIMG30.jpg */,
				AB29EBD72223EDD30056D24B /* logo.png */,
				AB29EBD92223EDE10056D24B /* moments.mp4 */,
				AB29EBA92223EDB70056D24B /* AppDelegate.swift */,
				AB29EBAB2223EDB70056D24B /* ViewController.swift */,
				AB29EBDD2223F4400056D24B /* VideoSplashViewController.swift */,
				AB29EBDF2223F46B0056D24B /* VideoCutter.swift */,
				AB29EBAD2223EDB70056D24B /* Main.storyboard */,
				AB29EBB02223EDB70056D24B /* Assets.xcassets */,
				AB29EBB22223EDB70056D24B /* LaunchScreen.storyboard */,
				AB29EBB52223EDB70056D24B /* Info.plist */,
			);
			path = VideoSplash;
			sourceTree = "<group>";
		};
		AB29EBBD2223EDB70056D24B /* VideoSplashTests */ = {
			isa = PBXGroup;
			children = (
				AB29EBBE2223EDB70056D24B /* VideoSplashTests.swift */,
				AB29EBC02223EDB70056D24B /* Info.plist */,
			);
			path = VideoSplashTests;
			sourceTree = "<group>";
		};
		AB29EBC82223EDB70056D24B /* VideoSplashUITests */ = {
			isa = PBXGroup;
			children = (
				AB29EBC92223EDB70056D24B /* VideoSplashUITests.swift */,
				AB29EBCB2223EDB70056D24B /* Info.plist */,
			);
			path = VideoSplashUITests;
			sourceTree = "<group>";
		};
/* End PBXGroup section */

/* Begin PBXNativeTarget section */
		AB29EBA52223EDB70056D24B /* VideoSplash */ = {
			isa = PBXNativeTarget;
			buildConfigurationList = AB29EBCE2223EDB70056D24B /* Build configuration list for PBXNativeTarget "VideoSplash" */;
			buildPhases = (
				AB29EBA22223EDB70056D24B /* Sources */,
				AB29EBA32223EDB70056D24B /* Frameworks */,
				AB29EBA42223EDB70056D24B /* Resources */,
			);
			buildRules = (
			);
			dependencies = (
			);
			name = VideoSplash;
			productName = VideoSplash;
			productReference = AB29EBA62223EDB70056D24B /* VideoSplash.app */;
			productType = "com.apple.product-type.application";
		};
		AB29EBB92223EDB70056D24B /* VideoSplashTests */ = {
			isa = PBXNativeTarget;
			buildConfigurationList = AB29EBD12223EDB70056D24B /* Build configuration list for PBXNativeTarget "VideoSplashTests" */;
			buildPhases = (
				AB29EBB62223EDB70056D24B /* Sources */,
				AB29EBB72223EDB70056D24B /* Frameworks */,
				AB29EBB82223EDB70056D24B /* Resources */,
			);
			buildRules = (
			);
			dependencies = (
				AB29EBBC2223EDB70056D24B /* PBXTargetDependency */,
			);
			name = VideoSplashTests;
			productName = VideoSplashTests;
			productReference = AB29EBBA2223EDB70056D24B /* VideoSplashTests.xctest */;
			productType = "com.apple.product-type.bundle.unit-test";
		};
		AB29EBC42223EDB70056D24B /* VideoSplashUITests */ = {
			isa = PBXNativeTarget;
			buildConfigurationList = AB29EBD42223EDB70056D24B /* Build configuration list for PBXNativeTarget "VideoSplashUITests" */;
			buildPhases = (
				AB29EBC12223EDB70056D24B /* Sources */,
				AB29EBC22223EDB70056D24B /* Frameworks */,
				AB29EBC32223EDB70056D24B /* Resources */,
			);
			buildRules = (
			);
			dependencies = (
				AB29EBC72223EDB70056D24B /* PBXTargetDependency */,
			);
			name = VideoSplashUITests;
			productName = VideoSplashUITests;
			productReference = AB29EBC52223EDB70056D24B /* VideoSplashUITests.xctest */;
			productType = "com.apple.product-type.bundle.ui-testing";
		};
/* End PBXNativeTarget section */

/* Begin PBXProject section */
		AB29EB9E2223EDB70056D24B /* Project object */ = {
			isa = PBXProject;
			attributes = {
				LastSwiftUpdateCheck = 1010;
				LastUpgradeCheck = 1010;
				ORGANIZATIONNAME = Ternence;
				TargetAttributes = {
					AB29EBA52223EDB70056D24B = {
						CreatedOnToolsVersion = 10.1;
					};
					AB29EBB92223EDB70056D24B = {
						CreatedOnToolsVersion = 10.1;
						TestTargetID = AB29EBA52223EDB70056D24B;
					};
					AB29EBC42223EDB70056D24B = {
						CreatedOnToolsVersion = 10.1;
						TestTargetID = AB29EBA52223EDB70056D24B;
					};
				};
			};
			buildConfigurationList = AB29EBA12223EDB70056D24B /* Build configuration list for PBXProject "VideoSplash" */;
			compatibilityVersion = "Xcode 9.3";
			developmentRegion = en;
			hasScannedForEncodings = 0;
			knownRegions = (
				en,
				Base,
			);
			mainGroup = AB29EB9D2223EDB70056D24B;
			productRefGroup = AB29EBA72223EDB70056D24B /* Products */;
			projectDirPath = "";
			projectRoot = "";
			targets = (
				AB29EBA52223EDB70056D24B /* VideoSplash */,
				AB29EBB92223EDB70056D24B /* VideoSplashTests */,
				AB29EBC42223EDB70056D24B /* VideoSplashUITests */,
			);
		};
/* End PBXProject section */

/* Begin PBXResourcesBuildPhase section */
		AB29EBA42223EDB70056D24B /* Resources */ = {
			isa = PBXResourcesBuildPhase;
			buildActionMask = 2147483647;
			files = (
				AB29EBD82223EDD40056D24B /* logo.png in Resources */,
				AB29EBB42223EDB70056D24B /* LaunchScreen.storyboard in Resources */,
				AB29EBB12223EDB70056D24B /* Assets.xcassets in Resources */,
				AB29EBAF2223EDB70056D24B /* Main.storyboard in Resources */,
				AB29EBDC2223EE8F0056D24B /* WechatIMG30.jpg in Resources */,
				AB29EBDA2223EDE10056D24B /* moments.mp4 in Resources */,
			);
			runOnlyForDeploymentPostprocessing = 0;
		};
		AB29EBB82223EDB70056D24B /* Resources */ = {
			isa = PBXResourcesBuildPhase;
			buildActionMask = 2147483647;
			files = (
			);
			runOnlyForDeploymentPostprocessing = 0;
		};
		AB29EBC32223EDB70056D24B /* Resources */ = {
			isa = PBXResourcesBuildPhase;
			buildActionMask = 2147483647;
			files = (
			);
			runOnlyForDeploymentPostprocessing = 0;
		};
/* End PBXResourcesBuildPhase section */

/* Begin PBXSourcesBuildPhase section */
		AB29EBA22223EDB70056D24B /* Sources */ = {
			isa = PBXSourcesBuildPhase;
			buildActionMask = 2147483647;
			files = (
				AB29EBAC2223EDB70056D24B /* ViewController.swift in Sources */,
				AB29EBAA2223EDB70056D24B /* AppDelegate.swift in Sources */,
				AB29EBE02223F46B0056D24B /* VideoCutter.swift in Sources */,
				AB29EBDE2223F4400056D24B /* VideoSplashViewController.swift in Sources */,
			);
			runOnlyForDeploymentPostprocessing = 0;
		};
		AB29EBB62223EDB70056D24B /* Sources */ = {
			isa = PBXSourcesBuildPhase;
			buildActionMask = 2147483647;
			files = (
				AB29EBBF2223EDB70056D24B /* VideoSplashTests.swift in Sources */,
			);
			runOnlyForDeploymentPostprocessing = 0;
		};
		AB29EBC12223EDB70056D24B /* Sources */ = {
			isa = PBXSourcesBuildPhase;
			buildActionMask = 2147483647;
			files = (
				AB29EBCA2223EDB70056D24B /* VideoSplashUITests.swift in Sources */,
			);
			runOnlyForDeploymentPostprocessing = 0;
		};
/* End PBXSourcesBuildPhase section */

/* Begin PBXTargetDependency section */
		AB29EBBC2223EDB70056D24B /* PBXTargetDependency */ = {
			isa = PBXTargetDependency;
			target = AB29EBA52223EDB70056D24B /* VideoSplash */;
			targetProxy = AB29EBBB2223EDB70056D24B /* PBXContainerItemProxy */;
		};
		AB29EBC72223EDB70056D24B /* PBXTargetDependency */ = {
			isa = PBXTargetDependency;
			target = AB29EBA52223EDB70056D24B /* VideoSplash */;
			targetProxy = AB29EBC62223EDB70056D24B /* PBXContainerItemProxy */;
		};
/* End PBXTargetDependency section */

/* Begin PBXVariantGroup section */
		AB29EBAD2223EDB70056D24B /* Main.storyboard */ = {
			isa = PBXVariantGroup;
			children = (
				AB29EBAE2223EDB70056D24B /* Base */,
			);
			name = Main.storyboard;
			sourceTree = "<group>";
		};
		AB29EBB22223EDB70056D24B /* LaunchScreen.storyboard */ = {
			isa = PBXVariantGroup;
			children = (
				AB29EBB32223EDB70056D24B /* Base */,
			);
			name = LaunchScreen.storyboard;
			sourceTree = "<group>";
		};
/* End PBXVariantGroup section */

/* Begin XCBuildConfiguration section */
		AB29EBCC2223EDB70056D24B /* Debug */ = {
			isa = XCBuildConfiguration;
			buildSettings = {
				ALWAYS_SEARCH_USER_PATHS = NO;
				CLANG_ANALYZER_NONNULL = YES;
				CLANG_ANALYZER_NUMBER_OBJECT_CONVERSION = YES_AGGRESSIVE;
				CLANG_CXX_LANGUAGE_STANDARD = "gnu++14";
				CLANG_CXX_LIBRARY = "libc++";
				CLANG_ENABLE_MODULES = YES;
				CLANG_ENABLE_OBJC_ARC = YES;
				CLANG_ENABLE_OBJC_WEAK = YES;
				CLANG_WARN_BLOCK_CAPTURE_AUTORELEASING = YES;
				CLANG_WARN_BOOL_CONVERSION = YES;
				CLANG_WARN_COMMA = YES;
				CLANG_WARN_CONSTANT_CONVERSION = YES;
				CLANG_WARN_DEPRECATED_OBJC_IMPLEMENTATIONS = YES;
				CLANG_WARN_DIRECT_OBJC_ISA_USAGE = YES_ERROR;
				CLANG_WARN_DOCUMENTATION_COMMENTS = YES;
				CLANG_WARN_EMPTY_BODY = YES;
				CLANG_WARN_ENUM_CONVERSION = YES;
				CLANG_WARN_INFINITE_RECURSION = YES;
				CLANG_WARN_INT_CONVERSION = YES;
				CLANG_WARN_NON_LITERAL_NULL_CONVERSION = YES;
				CLANG_WARN_OBJC_IMPLICIT_RETAIN_SELF = YES;
				CLANG_WARN_OBJC_LITERAL_CONVERSION = YES;
				CLANG_WARN_OBJC_ROOT_CLASS = YES_ERROR;
				CLANG_WARN_RANGE_LOOP_ANALYSIS = YES;
				CLANG_WARN_STRICT_PROTOTYPES = YES;
				CLANG_WARN_SUSPICIOUS_MOVE = YES;
				CLANG_WARN_UNGUARDED_AVAILABILITY = YES_AGGRESSIVE;
				CLANG_WARN_UNREACHABLE_CODE = YES;
				CLANG_WARN__DUPLICATE_METHOD_MATCH = YES;
				CODE_SIGN_IDENTITY = "iPhone Developer";
				COPY_PHASE_STRIP = NO;
				DEBUG_INFORMATION_FORMAT = dwarf;
				ENABLE_STRICT_OBJC_MSGSEND = YES;
				ENABLE_TESTABILITY = YES;
				GCC_C_LANGUAGE_STANDARD = gnu11;
				GCC_DYNAMIC_NO_PIC = NO;
				GCC_NO_COMMON_BLOCKS = YES;
				GCC_OPTIMIZATION_LEVEL = 0;
				GCC_PREPROCESSOR_DEFINITIONS = (
					"DEBUG=1",
					"$(inherited)",
				);
				GCC_WARN_64_TO_32_BIT_CONVERSION = YES;
				GCC_WARN_ABOUT_RETURN_TYPE = YES_ERROR;
				GCC_WARN_UNDECLARED_SELECTOR = YES;
				GCC_WARN_UNINITIALIZED_AUTOS = YES_AGGRESSIVE;
				GCC_WARN_UNUSED_FUNCTION = YES;
				GCC_WARN_UNUSED_VARIABLE = YES;
				IPHONEOS_DEPLOYMENT_TARGET = 12.1;
				MTL_ENABLE_DEBUG_INFO = INCLUDE_SOURCE;
				MTL_FAST_MATH = YES;
				ONLY_ACTIVE_ARCH = YES;
				SDKROOT = iphoneos;
				SWIFT_ACTIVE_COMPILATION_CONDITIONS = DEBUG;
				SWIFT_OPTIMIZATION_LEVEL = "-Onone";
			};
			name = Debug;
		};
		AB29EBCD2223EDB70056D24B /* Release */ = {
			isa = XCBuildConfiguration;
			buildSettings = {
				ALWAYS_SEARCH_USER_PATHS = NO;
				CLANG_ANALYZER_NONNULL = YES;
				CLANG_ANALYZER_NUMBER_OBJECT_CONVERSION = YES_AGGRESSIVE;
				CLANG_CXX_LANGUAGE_STANDARD = "gnu++14";
				CLANG_CXX_LIBRARY = "libc++";
				CLANG_ENABLE_MODULES = YES;
				CLANG_ENABLE_OBJC_ARC = YES;
				CLANG_ENABLE_OBJC_WEAK = YES;
				CLANG_WARN_BLOCK_CAPTURE_AUTORELEASING = YES;
				CLANG_WARN_BOOL_CONVERSION = YES;
				CLANG_WARN_COMMA = YES;
				CLANG_WARN_CONSTANT_CONVERSION = YES;
				CLANG_WARN_DEPRECATED_OBJC_IMPLEMENTATIONS = YES;
				CLANG_WARN_DIRECT_OBJC_ISA_USAGE = YES_ERROR;
				CLANG_WARN_DOCUMENTATION_COMMENTS = YES;
				CLANG_WARN_EMPTY_BODY = YES;
				CLANG_WARN_ENUM_CONVERSION = YES;
				CLANG_WARN_INFINITE_RECURSION = YES;
				CLANG_WARN_INT_CONVERSION = YES;
				CLANG_WARN_NON_LITERAL_NULL_CONVERSION = YES;
				CLANG_WARN_OBJC_IMPLICIT_RETAIN_SELF = YES;
				CLANG_WARN_OBJC_LITERAL_CONVERSION = YES;
				CLANG_WARN_OBJC_ROOT_CLASS = YES_ERROR;
				CLANG_WARN_RANGE_LOOP_ANALYSIS = YES;
				CLANG_WARN_STRICT_PROTOTYPES = YES;
				CLANG_WARN_SUSPICIOUS_MOVE = YES;
				CLANG_WARN_UNGUARDED_AVAILABILITY = YES_AGGRESSIVE;
				CLANG_WARN_UNREACHABLE_CODE = YES;
				CLANG_WARN__DUPLICATE_METHOD_MATCH = YES;
				CODE_SIGN_IDENTITY = "iPhone Developer";
				COPY_PHASE_STRIP = NO;
				DEBUG_INFORMATION_FORMAT = "dwarf-with-dsym";
				ENABLE_NS_ASSERTIONS = NO;
				ENABLE_STRICT_OBJC_MSGSEND = YES;
				GCC_C_LANGUAGE_STANDARD = gnu11;
				GCC_NO_COMMON_BLOCKS = YES;
				GCC_WARN_64_TO_32_BIT_CONVERSION = YES;
				GCC_WARN_ABOUT_RETURN_TYPE = YES_ERROR;
				GCC_WARN_UNDECLARED_SELECTOR = YES;
				GCC_WARN_UNINITIALIZED_AUTOS = YES_AGGRESSIVE;
				GCC_WARN_UNUSED_FUNCTION = YES;
				GCC_WARN_UNUSED_VARIABLE = YES;
				IPHONEOS_DEPLOYMENT_TARGET = 12.1;
				MTL_ENABLE_DEBUG_INFO = NO;
				MTL_FAST_MATH = YES;
				SDKROOT = iphoneos;
				SWIFT_COMPILATION_MODE = wholemodule;
				SWIFT_OPTIMIZATION_LEVEL = "-O";
				VALIDATE_PRODUCT = YES;
			};
			name = Release;
		};
		AB29EBCF2223EDB70056D24B /* Debug */ = {
			isa = XCBuildConfiguration;
			buildSettings = {
				ASSETCATALOG_COMPILER_APPICON_NAME = AppIcon;
				CODE_SIGN_STYLE = Automatic;
				DEVELOPMENT_TEAM = F8M2L3Y6MA;
				INFOPLIST_FILE = VideoSplash/Info.plist;
				LD_RUNPATH_SEARCH_PATHS = (
					"$(inherited)",
					"@executable_path/Frameworks",
				);
				PRODUCT_BUNDLE_IDENTIFIER = com.jiayinghudong.xiaoban;
				PRODUCT_NAME = "$(TARGET_NAME)";
				SWIFT_VERSION = 4.2;
				TARGETED_DEVICE_FAMILY = "1,2";
			};
			name = Debug;
		};
		AB29EBD02223EDB70056D24B /* Release */ = {
			isa = XCBuildConfiguration;
			buildSettings = {
				ASSETCATALOG_COMPILER_APPICON_NAME = AppIcon;
				CODE_SIGN_STYLE = Automatic;
				DEVELOPMENT_TEAM = F8M2L3Y6MA;
				INFOPLIST_FILE = VideoSplash/Info.plist;
				LD_RUNPATH_SEARCH_PATHS = (
					"$(inherited)",
					"@executable_path/Frameworks",
				);
				PRODUCT_BUNDLE_IDENTIFIER = com.jiayinghudong.xiaoban;
				PRODUCT_NAME = "$(TARGET_NAME)";
				SWIFT_VERSION = 4.2;
				TARGETED_DEVICE_FAMILY = "1,2";
			};
			name = Release;
		};
		AB29EBD22223EDB70056D24B /* Debug */ = {
			isa = XCBuildConfiguration;
			buildSettings = {
				ALWAYS_EMBED_SWIFT_STANDARD_LIBRARIES = YES;
				BUNDLE_LOADER = "$(TEST_HOST)";
				CODE_SIGN_STYLE = Automatic;
				INFOPLIST_FILE = VideoSplashTests/Info.plist;
				LD_RUNPATH_SEARCH_PATHS = (
					"$(inherited)",
					"@executable_path/Frameworks",
					"@loader_path/Frameworks",
				);
				PRODUCT_BUNDLE_IDENTIFIER = Terence.VideoSplashTests;
				PRODUCT_NAME = "$(TARGET_NAME)";
				SWIFT_VERSION = 4.2;
				TARGETED_DEVICE_FAMILY = "1,2";
				TEST_HOST = "$(BUILT_PRODUCTS_DIR)/VideoSplash.app/VideoSplash";
			};
			name = Debug;
		};
		AB29EBD32223EDB70056D24B /* Release */ = {
			isa = XCBuildConfiguration;
			buildSettings = {
				ALWAYS_EMBED_SWIFT_STANDARD_LIBRARIES = YES;
				BUNDLE_LOADER = "$(TEST_HOST)";
				CODE_SIGN_STYLE = Automatic;
				INFOPLIST_FILE = VideoSplashTests/Info.plist;
				LD_RUNPATH_SEARCH_PATHS = (
					"$(inherited)",
					"@executable_path/Frameworks",
					"@loader_path/Frameworks",
				);
				PRODUCT_BUNDLE_IDENTIFIER = Terence.VideoSplashTests;
				PRODUCT_NAME = "$(TARGET_NAME)";
				SWIFT_VERSION = 4.2;
				TARGETED_DEVICE_FAMILY = "1,2";
				TEST_HOST = "$(BUILT_PRODUCTS_DIR)/VideoSplash.app/VideoSplash";
			};
			name = Release;
		};
		AB29EBD52223EDB70056D24B /* Debug */ = {
			isa = XCBuildConfiguration;
			buildSettings = {
				ALWAYS_EMBED_SWIFT_STANDARD_LIBRARIES = YES;
				CODE_SIGN_STYLE = Automatic;
				INFOPLIST_FILE = VideoSplashUITests/Info.plist;
				LD_RUNPATH_SEARCH_PATHS = (
					"$(inherited)",
					"@executable_path/Frameworks",
					"@loader_path/Frameworks",
				);
				PRODUCT_BUNDLE_IDENTIFIER = Terence.VideoSplashUITests;
				PRODUCT_NAME = "$(TARGET_NAME)";
				SWIFT_VERSION = 4.2;
				TARGETED_DEVICE_FAMILY = "1,2";
				TEST_TARGET_NAME = VideoSplash;
			};
			name = Debug;
		};
		AB29EBD62223EDB70056D24B /* Release */ = {
			isa = XCBuildConfiguration;
			buildSettings = {
				ALWAYS_EMBED_SWIFT_STANDARD_LIBRARIES = YES;
				CODE_SIGN_STYLE = Automatic;
				INFOPLIST_FILE = VideoSplashUITests/Info.plist;
				LD_RUNPATH_SEARCH_PATHS = (
					"$(inherited)",
					"@executable_path/Frameworks",
					"@loader_path/Frameworks",
				);
				PRODUCT_BUNDLE_IDENTIFIER = Terence.VideoSplashUITests;
				PRODUCT_NAME = "$(TARGET_NAME)";
				SWIFT_VERSION = 4.2;
				TARGETED_DEVICE_FAMILY = "1,2";
				TEST_TARGET_NAME = VideoSplash;
			};
			name = Release;
		};
/* End XCBuildConfiguration section */

/* Begin XCConfigurationList section */
		AB29EBA12223EDB70056D24B /* Build configuration list for PBXProject "VideoSplash" */ = {
			isa = XCConfigurationList;
			buildConfigurations = (
				AB29EBCC2223EDB70056D24B /* Debug */,
				AB29EBCD2223EDB70056D24B /* Release */,
			);
			defaultConfigurationIsVisible = 0;
			defaultConfigurationName = Release;
		};
		AB29EBCE2223EDB70056D24B /* Build configuration list for PBXNativeTarget "VideoSplash" */ = {
			isa = XCConfigurationList;
			buildConfigurations = (
				AB29EBCF2223EDB70056D24B /* Debug */,
				AB29EBD02223EDB70056D24B /* Release */,
			);
			defaultConfigurationIsVisible = 0;
			defaultConfigurationName = Release;
		};
		AB29EBD12223EDB70056D24B /* Build configuration list for PBXNativeTarget "VideoSplashTests" */ = {
			isa = XCConfigurationList;
			buildConfigurations = (
				AB29EBD22223EDB70056D24B /* Debug */,
				AB29EBD32223EDB70056D24B /* Release */,
			);
			defaultConfigurationIsVisible = 0;
			defaultConfigurationName = Release;
		};
		AB29EBD42223EDB70056D24B /* Build configuration list for PBXNativeTarget "VideoSplashUITests" */ = {
			isa = XCConfigurationList;
			buildConfigurations = (
				AB29EBD52223EDB70056D24B /* Debug */,
				AB29EBD62223EDB70056D24B /* Release */,
			);
			defaultConfigurationIsVisible = 0;
			defaultConfigurationName = Release;
		};
/* End XCConfigurationList section */
	};
	rootObject = AB29EB9E2223EDB70056D24B /* Project object */;
}
